
Microsoft Visual Studio Solution File, Format Version 12.00
# Visual Studio Version 16
VisualStudioVersion = 16.0.29209.62
MinimumVisualStudioVersion = 10.0.40219.1
Project("{9A19103F-16F7-4668-BE54-9A1E7A4F7556}") = "PPBackup.Base", "PPBackup.Base\PPBackup.Base.csproj", "{FE025C2F-0DEF-4533-AF68-F841E9042178}"
EndProject
Project("{2150E333-8FDC-42A3-9474-1A3956D46DE8}") = "Solution Items", "Solution Items", "{5D18743A-0EB4-452D-9A52-D94CDEE3759E}"
	ProjectSection(SolutionItems) = preProject
		.editorconfig = .editorconfig
		.gitignore = .gitignore
		appveyor.yml = appveyor.yml
		build.fsx = build.fsx
		.github\workflows\ci.yml = .github\workflows\ci.yml
		Version.fsx = Version.fsx
	EndProjectSection
EndProject
Project("{9A19103F-16F7-4668-BE54-9A1E7A4F7556}") = "PPBackup.Base.Tests", "PPBackup.Base.Tests\PPBackup.Base.Tests.csproj", "{0D5F7529-F557-4701-B327-D3A2D1C9270C}"
	ProjectSection(ProjectDependencies) = postProject
		{FE025C2F-0DEF-4533-AF68-F841E9042178} = {FE025C2F-0DEF-4533-AF68-F841E9042178}
	EndProjectSection
EndProject
Project("{9A19103F-16F7-4668-BE54-9A1E7A4F7556}") = "PPBackup.WinApp", "PPBackup.WinApp\PPBackup.WinApp.csproj", "{29F3E57A-5A7A-4098-9E41-6C85D6DD77EA}"
EndProject
Project("{6EC3EE1D-3C4E-46DD-8F32-0CC8E7565705}") = "PPBackup.Console", "PPBackup.Console\PPBackup.Console.fsproj", "{C39E7CDE-9C95-4D43-98C1-505EF9728A6E}"
EndProject
Global
	GlobalSection(SolutionConfigurationPlatforms) = preSolution
		Debug|Any CPU = Debug|Any CPU
		Release|Any CPU = Release|Any CPU
	EndGlobalSection
	GlobalSection(ProjectConfigurationPlatforms) = postSolution
		{FE025C2F-0DEF-4533-AF68-F841E9042178}.Debug|Any CPU.ActiveCfg = Debug|Any CPU
		{FE025C2F-0DEF-4533-AF68-F841E9042178}.Debug|Any CPU.Build.0 = Debug|Any CPU
		{FE025C2F-0DEF-4533-AF68-F841E9042178}.Release|Any CPU.ActiveCfg = Release|Any CPU
		{FE025C2F-0DEF-4533-AF68-F841E9042178}.Release|Any CPU.Build.0 = Release|Any CPU
		{0D5F7529-F557-4701-B327-D3A2D1C9270C}.Debug|Any CPU.ActiveCfg = Debug|Any CPU
		{0D5F7529-F557-4701-B327-D3A2D1C9270C}.Debug|Any CPU.Build.0 = Debug|Any CPU
		{0D5F7529-F557-4701-B327-D3A2D1C9270C}.Release|Any CPU.ActiveCfg = Release|Any CPU
		{0D5F7529-F557-4701-B327-D3A2D1C9270C}.Release|Any CPU.Build.0 = Release|Any CPU
		{29F3E57A-5A7A-4098-9E41-6C85D6DD77EA}.Debug|Any CPU.ActiveCfg = Debug|Any CPU
		{29F3E57A-5A7A-4098-9E41-6C85D6DD77EA}.Debug|Any CPU.Build.0 = Debug|Any CPU
		{29F3E57A-5A7A-4098-9E41-6C85D6DD77EA}.Release|Any CPU.ActiveCfg = Release|Any CPU
		{29F3E57A-5A7A-4098-9E41-6C85D6DD77EA}.Release|Any CPU.Build.0 = Release|Any CPU
		{C39E7CDE-9C95-4D43-98C1-505EF9728A6E}.Debug|Any CPU.ActiveCfg = Debug|Any CPU
		{C39E7CDE-9C95-4D43-98C1-505EF9728A6E}.Debug|Any CPU.Build.0 = Debug|Any CPU
		{C39E7CDE-9C95-4D43-98C1-505EF9728A6E}.Release|Any CPU.ActiveCfg = Release|Any CPU
		{C39E7CDE-9C95-4D43-98C1-505EF9728A6E}.Release|Any CPU.Build.0 = Release|Any CPU
	EndGlobalSection
	GlobalSection(SolutionProperties) = preSolution
		HideSolutionNode = FALSE
	EndGlobalSection
	GlobalSection(ExtensibilityGlobals) = postSolution
		SolutionGuid = {EA870483-EEEB-43BF-BDA8-1961C8D29B93}
	EndGlobalSection
EndGlobal
